{
  "name": "aderesh-semver-test",
  "version": "1.0.3-ctc-develop",
  "lockfileVersion": 1,
  "requires": true,
  "dependencies": {
    "simple-test-package": {
      "version": "0.1.0",
      "resolved": "https://registry.npmjs.org/simple-test-package/-/simple-test-package-0.1.0.tgz",
      "integrity": "sha512-oZph3uPMMdX4BYEq1kbsHZMTDSzBZKMVQRWOrcWd1mKOJkRdmPjy6whtIYpEA2VC87hnUgyXwEaePNuIoFNfWw=="
    }
  }
}
